
Microsoft Visual Studio Solution File, Format Version 12.00
# Visual Studio Version 16
VisualStudioVersion = 16.0.30413.136
MinimumVisualStudioVersion = 10.0.40219.1
Project("{9A19103F-16F7-4668-BE54-9A1E7A4F7556}") = "MASOG_OBRAS", "MASOG_OBRAS\MASOG_OBRAS.csproj", "{782B194A-C1C8-4536-AB2C-7D555380F26D}"
EndProject
Project("{9A19103F-16F7-4668-BE54-9A1E7A4F7556}") = "EFDataAccessLibrary", "EFDataAccessLibrary\EFDataAccessLibrary.csproj", "{A5DB3C40-644C-4ED5-B206-9B35DDAB15E7}"
EndProject
Global
	GlobalSection(SolutionConfigurationPlatforms) = preSolution
		Debug|Any CPU = Debug|Any CPU
		Release|Any CPU = Release|Any CPU
	EndGlobalSection
	GlobalSection(ProjectConfigurationPlatforms) = postSolution
		{782B194A-C1C8-4536-AB2C-7D555380F26D}.Debug|Any CPU.ActiveCfg = Debug|Any CPU
		{782B194A-C1C8-4536-AB2C-7D555380F26D}.Debug|Any CPU.Build.0 = Debug|Any CPU
		{782B194A-C1C8-4536-AB2C-7D555380F26D}.Release|Any CPU.ActiveCfg = Release|Any CPU
		{782B194A-C1C8-4536-AB2C-7D555380F26D}.Release|Any CPU.Build.0 = Release|Any CPU
		{A5DB3C40-644C-4ED5-B206-9B35DDAB15E7}.Debug|Any CPU.ActiveCfg = Debug|Any CPU
		{A5DB3C40-644C-4ED5-B206-9B35DDAB15E7}.Debug|Any CPU.Build.0 = Debug|Any CPU
		{A5DB3C40-644C-4ED5-B206-9B35DDAB15E7}.Release|Any CPU.ActiveCfg = Release|Any CPU
		{A5DB3C40-644C-4ED5-B206-9B35DDAB15E7}.Release|Any CPU.Build.0 = Release|Any CPU
	EndGlobalSection
	GlobalSection(SolutionProperties) = preSolution
		HideSolutionNode = FALSE
	EndGlobalSection
	GlobalSection(ExtensibilityGlobals) = postSolution
		SolutionGuid = {59F7A683-123D-4616-97C7-9F436D5AC9C5}
	EndGlobalSection
EndGlobal
